// !$*UTF8*$!
{
	archiveVersion = 1;
	classes = {
	};
	objectVersion = 77;
	objects = {

/* Begin PBXBuildFile section */
		18109E9C2DCBE2B3003BB4F5 /* ContentView.swift in Sources */ = {isa = PBXBuildFile; fileRef = 18109E952DCBE2B3003BB4F5 /* ContentView.swift */; };
		18109E9D2DCBE2B3003BB4F5 /* Couple_JoyApp.swift in Sources */ = {isa = PBXBuildFile; fileRef = 18109E962DCBE2B3003BB4F5 /* Couple_JoyApp.swift */; };
		18109E9E2DCBE2B3003BB4F5 /* CoupleJoyWidget.swift in Sources */ = {isa = PBXBuildFile; fileRef = 18109E972DCBE2B3003BB4F5 /* CoupleJoyWidget.swift */; };
		18109E9F2DCBE2B3003BB4F5 /* WidgetProvider.swift in Sources */ = {isa = PBXBuildFile; fileRef = 18109E992DCBE2B3003BB4F5 /* WidgetProvider.swift */; };
		18109EA02DCBE2B3003BB4F5 /* AppDelegate.swift in Sources */ = {isa = PBXBuildFile; fileRef = 18109E932DCBE2B3003BB4F5 /* AppDelegate.swift */; };
		18E939052DCA73C000937F41 /* FirebaseAuth in Frameworks */ = {isa = PBXBuildFile; productRef = 18E939042DCA73C000937F41 /* FirebaseAuth */; };
		18E939072DCA73C000937F41 /* FirebaseAuthCombine-Community in Frameworks */ = {isa = PBXBuildFile; productRef = 18E939062DCA73C000937F41 /* FirebaseAuthCombine-Community */; };
		18E939092DCA73C000937F41 /* FirebaseFirestore in Frameworks */ = {isa = PBXBuildFile; productRef = 18E939082DCA73C000937F41 /* FirebaseFirestore */; };
		18E9390B2DCA73C000937F41 /* FirebaseFirestoreCombine-Community in Frameworks */ = {isa = PBXBuildFile; productRef = 18E9390A2DCA73C000937F41 /* FirebaseFirestoreCombine-Community */; };
		18E9390E2DCA8CB500937F41 /* GoogleSignIn in Frameworks */ = {isa = PBXBuildFile; productRef = 18E9390D2DCA8CB500937F41 /* GoogleSignIn */; };
		18E939102DCA8CB500937F41 /* GoogleSignInSwift in Frameworks */ = {isa = PBXBuildFile; productRef = 18E9390F2DCA8CB500937F41 /* GoogleSignInSwift */; };
/* End PBXBuildFile section */

/* Begin PBXContainerItemProxy section */
		18E938692DCA556C00937F41 /* PBXContainerItemProxy */ = {
			isa = PBXContainerItemProxy;
			containerPortal = 18E938532DCA556B00937F41 /* Project object */;
			proxyType = 1;
			remoteGlobalIDString = 18E9385A2DCA556B00937F41;
			remoteInfo = "Couple Joy";
		};
		18E938732DCA556C00937F41 /* PBXContainerItemProxy */ = {
			isa = PBXContainerItemProxy;
			containerPortal = 18E938532DCA556B00937F41 /* Project object */;
			proxyType = 1;
			remoteGlobalIDString = 18E9385A2DCA556B00937F41;
			remoteInfo = "Couple Joy";
		};
/* End PBXContainerItemProxy section */

/* Begin PBXFileReference section */
		18109E932DCBE2B3003BB4F5 /* AppDelegate.swift */ = {isa = PBXFileReference; lastKnownFileType = sourcecode.swift; path = AppDelegate.swift; sourceTree = "<group>"; };
		18109E952DCBE2B3003BB4F5 /* ContentView.swift */ = {isa = PBXFileReference; lastKnownFileType = sourcecode.swift; path = ContentView.swift; sourceTree = "<group>"; };
		18109E962DCBE2B3003BB4F5 /* Couple_JoyApp.swift */ = {isa = PBXFileReference; lastKnownFileType = sourcecode.swift; path = Couple_JoyApp.swift; sourceTree = "<group>"; };
		18109E972DCBE2B3003BB4F5 /* CoupleJoyWidget.swift */ = {isa = PBXFileReference; lastKnownFileType = sourcecode.swift; path = CoupleJoyWidget.swift; sourceTree = "<group>"; };
		18109E992DCBE2B3003BB4F5 /* WidgetProvider.swift */ = {isa = PBXFileReference; lastKnownFileType = sourcecode.swift; path = WidgetProvider.swift; sourceTree = "<group>"; };
		18E9385B2DCA556B00937F41 /* Couple Joy.app */ = {isa = PBXFileReference; explicitFileType = wrapper.application; includeInIndex = 0; path = "Couple Joy.app"; sourceTree = BUILT_PRODUCTS_DIR; };
		18E938682DCA556C00937F41 /* Couple JoyTests.xctest */ = {isa = PBXFileReference; explicitFileType = wrapper.cfbundle; includeInIndex = 0; path = "Couple JoyTests.xctest"; sourceTree = BUILT_PRODUCTS_DIR; };
		18E938722DCA556C00937F41 /* Couple JoyUITests.xctest */ = {isa = PBXFileReference; explicitFileType = wrapper.cfbundle; includeInIndex = 0; path = "Couple JoyUITests.xctest"; sourceTree = BUILT_PRODUCTS_DIR; };
/* End PBXFileReference section */

/* Begin PBXFileSystemSynchronizedRootGroup section */
		18E9385D2DCA556B00937F41 /* Couple Joy */ = {
			isa = PBXFileSystemSynchronizedRootGroup;
			path = "Couple Joy";
			sourceTree = "<group>";
		};
		18E9386B2DCA556C00937F41 /* Couple JoyTests */ = {
			isa = PBXFileSystemSynchronizedRootGroup;
			path = "Couple JoyTests";
			sourceTree = "<group>";
		};
		18E938752DCA556C00937F41 /* Couple JoyUITests */ = {
			isa = PBXFileSystemSynchronizedRootGroup;
			path = "Couple JoyUITests";
			sourceTree = "<group>";
		};
/* End PBXFileSystemSynchronizedRootGroup section */

/* Begin PBXFrameworksBuildPhase section */
		18E938582DCA556B00937F41 /* Frameworks */ = {
			isa = PBXFrameworksBuildPhase;
			buildActionMask = 2147483647;
			files = (
				18E9390E2DCA8CB500937F41 /* GoogleSignIn in Frameworks */,
				18E939052DCA73C000937F41 /* FirebaseAuth in Frameworks */,
				18E9390B2DCA73C000937F41 /* FirebaseFirestoreCombine-Community in Frameworks */,
				18E939102DCA8CB500937F41 /* GoogleSignInSwift in Frameworks */,
				18E939072DCA73C000937F41 /* FirebaseAuthCombine-Community in Frameworks */,
				18E939092DCA73C000937F41 /* FirebaseFirestore in Frameworks */,
			);
			runOnlyForDeploymentPostprocessing = 0;
		};
		18E938652DCA556C00937F41 /* Frameworks */ = {
			isa = PBXFrameworksBuildPhase;
			buildActionMask = 2147483647;
			files = (
			);
			runOnlyForDeploymentPostprocessing = 0;
		};
		18E9386F2DCA556C00937F41 /* Frameworks */ = {
			isa = PBXFrameworksBuildPhase;
			buildActionMask = 2147483647;
			files = (
			);
			runOnlyForDeploymentPostprocessing = 0;
		};
/* End PBXFrameworksBuildPhase section */

/* Begin PBXGroup section */
		18109EA12DCBE2DD003BB4F5 /* MainApp */ = {
			isa = PBXGroup;
			children = (
				18109E932DCBE2B3003BB4F5 /* AppDelegate.swift */,
				18109E952DCBE2B3003BB4F5 /* ContentView.swift */,
				18109E962DCBE2B3003BB4F5 /* Couple_JoyApp.swift */,
			);
			path = MainApp;
			sourceTree = "<group>";
		};
		18109EA22DCBE30E003BB4F5 /* WidgetExtension */ = {
			isa = PBXGroup;
			children = (
				18109E972DCBE2B3003BB4F5 /* CoupleJoyWidget.swift */,
				18109E992DCBE2B3003BB4F5 /* WidgetProvider.swift */,
			);
			path = WidgetExtension;
			sourceTree = "<group>";
		};
		18E938522DCA556B00937F41 = {
			isa = PBXGroup;
			children = (
				18109EA22DCBE30E003BB4F5 /* WidgetExtension */,
				18109EA12DCBE2DD003BB4F5 /* MainApp */,
				18E9386B2DCA556C00937F41 /* Couple JoyTests */,
				18E938752DCA556C00937F41 /* Couple JoyUITests */,
				18E9385C2DCA556B00937F41 /* Products */,
				18E9385D2DCA556B00937F41 /* Couple Joy */,
			);
			sourceTree = "<group>";
		};
		18E9385C2DCA556B00937F41 /* Products */ = {
			isa = PBXGroup;
			children = (
				18E9385B2DCA556B00937F41 /* Couple Joy.app */,
				18E938682DCA556C00937F41 /* Couple JoyTests.xctest */,
				18E938722DCA556C00937F41 /* Couple JoyUITests.xctest */,
			);
			name = Products;
			sourceTree = "<group>";
		};
/* End PBXGroup section */

/* Begin PBXNativeTarget section */
		18E9385A2DCA556B00937F41 /* Couple Joy */ = {
			isa = PBXNativeTarget;
			buildConfigurationList = 18E9387C2DCA556C00937F41 /* Build configuration list for PBXNativeTarget "Couple Joy" */;
			buildPhases = (
				18E938572DCA556B00937F41 /* Sources */,
				18E938582DCA556B00937F41 /* Frameworks */,
				18E938592DCA556B00937F41 /* Resources */,
			);
			buildRules = (
			);
			dependencies = (
			);
			fileSystemSynchronizedGroups = (
				18E9385D2DCA556B00937F41 /* Couple Joy */,
			);
			name = "Couple Joy";
			packageProductDependencies = (
				18E939042DCA73C000937F41 /* FirebaseAuth */,
				18E939062DCA73C000937F41 /* FirebaseAuthCombine-Community */,
				18E939082DCA73C000937F41 /* FirebaseFirestore */,
				18E9390A2DCA73C000937F41 /* FirebaseFirestoreCombine-Community */,
				18E9390D2DCA8CB500937F41 /* GoogleSignIn */,
				18E9390F2DCA8CB500937F41 /* GoogleSignInSwift */,
			);
			productName = "Couple Joy";
			productReference = 18E9385B2DCA556B00937F41 /* Couple Joy.app */;
			productType = "com.apple.product-type.application";
		};
		18E938672DCA556C00937F41 /* Couple JoyTests */ = {
			isa = PBXNativeTarget;
			buildConfigurationList = 18E9387F2DCA556C00937F41 /* Build configuration list for PBXNativeTarget "Couple JoyTests" */;
			buildPhases = (
				18E938642DCA556C00937F41 /* Sources */,
				18E938652DCA556C00937F41 /* Frameworks */,
				18E938662DCA556C00937F41 /* Resources */,
			);
			buildRules = (
			);
			dependencies = (
				18E9386A2DCA556C00937F41 /* PBXTargetDependency */,
			);
			fileSystemSynchronizedGroups = (
				18E9386B2DCA556C00937F41 /* Couple JoyTests */,
			);
			name = "Couple JoyTests";
			packageProductDependencies = (
			);
			productName = "Couple JoyTests";
			productReference = 18E938682DCA556C00937F41 /* Couple JoyTests.xctest */;
			productType = "com.apple.product-type.bundle.unit-test";
		};
		18E938712DCA556C00937F41 /* Couple JoyUITests */ = {
			isa = PBXNativeTarget;
			buildConfigurationList = 18E938822DCA556C00937F41 /* Build configuration list for PBXNativeTarget "Couple JoyUITests" */;
			buildPhases = (
				18E9386E2DCA556C00937F41 /* Sources */,
				18E9386F2DCA556C00937F41 /* Frameworks */,
				18E938702DCA556C00937F41 /* Resources */,
			);
			buildRules = (
			);
			dependencies = (
				18E938742DCA556C00937F41 /* PBXTargetDependency */,
			);
			fileSystemSynchronizedGroups = (
				18E938752DCA556C00937F41 /* Couple JoyUITests */,
			);
			name = "Couple JoyUITests";
			packageProductDependencies = (
			);
			productName = "Couple JoyUITests";
			productReference = 18E938722DCA556C00937F41 /* Couple JoyUITests.xctest */;
			productType = "com.apple.product-type.bundle.ui-testing";
		};
/* End PBXNativeTarget section */

/* Begin PBXProject section */
		18E938532DCA556B00937F41 /* Project object */ = {
			isa = PBXProject;
			attributes = {
				BuildIndependentTargetsInParallel = 1;
				LastSwiftUpdateCheck = 1630;
				LastUpgradeCheck = 1630;
				TargetAttributes = {
					18E9385A2DCA556B00937F41 = {
						CreatedOnToolsVersion = 16.3;
					};
					18E938672DCA556C00937F41 = {
						CreatedOnToolsVersion = 16.3;
						TestTargetID = 18E9385A2DCA556B00937F41;
					};
					18E938712DCA556C00937F41 = {
						CreatedOnToolsVersion = 16.3;
						TestTargetID = 18E9385A2DCA556B00937F41;
					};
				};
			};
			buildConfigurationList = 18E938562DCA556B00937F41 /* Build configuration list for PBXProject "Couple Joy" */;
			developmentRegion = en;
			hasScannedForEncodings = 0;
			knownRegions = (
				en,
				Base,
			);
			mainGroup = 18E938522DCA556B00937F41;
			minimizedProjectReferenceProxies = 1;
			packageReferences = (
				18E939032DCA73C000937F41 /* XCRemoteSwiftPackageReference "firebase-ios-sdk" */,
				18E9390C2DCA8CB500937F41 /* XCRemoteSwiftPackageReference "GoogleSignIn-iOS" */,
			);
			preferredProjectObjectVersion = 77;
			productRefGroup = 18E9385C2DCA556B00937F41 /* Products */;
			projectDirPath = "";
			projectRoot = "";
			targets = (
				18E9385A2DCA556B00937F41 /* Couple Joy */,
				18E938672DCA556C00937F41 /* Couple JoyTests */,
				18E938712DCA556C00937F41 /* Couple JoyUITests */,
			);
		};
/* End PBXProject section */

/* Begin PBXResourcesBuildPhase section */
		18E938592DCA556B00937F41 /* Resources */ = {
			isa = PBXResourcesBuildPhase;
			buildActionMask = 2147483647;
			files = (
			);
			runOnlyForDeploymentPostprocessing = 0;
		};
		18E938662DCA556C00937F41 /* Resources */ = {
			isa = PBXResourcesBuildPhase;
			buildActionMask = 2147483647;
			files = (
			);
			runOnlyForDeploymentPostprocessing = 0;
		};
		18E938702DCA556C00937F41 /* Resources */ = {
			isa = PBXResourcesBuildPhase;
			buildActionMask = 2147483647;
			files = (
			);
			runOnlyForDeploymentPostprocessing = 0;
		};
/* End PBXResourcesBuildPhase section */

/* Begin PBXSourcesBuildPhase section */
		18E938572DCA556B00937F41 /* Sources */ = {
			isa = PBXSourcesBuildPhase;
			buildActionMask = 2147483647;
			files = (
				18109E9C2DCBE2B3003BB4F5 /* ContentView.swift in Sources */,
				18109E9D2DCBE2B3003BB4F5 /* Couple_JoyApp.swift in Sources */,
				18109E9E2DCBE2B3003BB4F5 /* CoupleJoyWidget.swift in Sources */,
				18109E9F2DCBE2B3003BB4F5 /* WidgetProvider.swift in Sources */,
				18109EA02DCBE2B3003BB4F5 /* AppDelegate.swift in Sources */,
			);
			runOnlyForDeploymentPostprocessing = 0;
		};
		18E938642DCA556C00937F41 /* Sources */ = {
			isa = PBXSourcesBuildPhase;
			buildActionMask = 2147483647;
			files = (
			);
			runOnlyForDeploymentPostprocessing = 0;
		};
		18E9386E2DCA556C00937F41 /* Sources */ = {
			isa = PBXSourcesBuildPhase;
			buildActionMask = 2147483647;
			files = (
			);
			runOnlyForDeploymentPostprocessing = 0;
		};
/* End PBXSourcesBuildPhase section */

/* Begin PBXTargetDependency section */
		18E9386A2DCA556C00937F41 /* PBXTargetDependency */ = {
			isa = PBXTargetDependency;
			target = 18E9385A2DCA556B00937F41 /* Couple Joy */;
			targetProxy = 18E938692DCA556C00937F41 /* PBXContainerItemProxy */;
		};
		18E938742DCA556C00937F41 /* PBXTargetDependency */ = {
			isa = PBXTargetDependency;
			target = 18E9385A2DCA556B00937F41 /* Couple Joy */;
			targetProxy = 18E938732DCA556C00937F41 /* PBXContainerItemProxy */;
		};
/* End PBXTargetDependency section */

/* Begin XCBuildConfiguration section */
		18E9387A2DCA556C00937F41 /* Debug */ = {
			isa = XCBuildConfiguration;
			buildSettings = {
				ALWAYS_SEARCH_USER_PATHS = NO;
				ASSETCATALOG_COMPILER_GENERATE_SWIFT_ASSET_SYMBOL_EXTENSIONS = YES;
				CLANG_ANALYZER_NONNULL = YES;
				CLANG_ANALYZER_NUMBER_OBJECT_CONVERSION = YES_AGGRESSIVE;
				CLANG_CXX_LANGUAGE_STANDARD = "gnu++20";
				CLANG_ENABLE_MODULES = YES;
				CLANG_ENABLE_OBJC_ARC = YES;
				CLANG_ENABLE_OBJC_WEAK = YES;
				CLANG_WARN_BLOCK_CAPTURE_AUTORELEASING = YES;
				CLANG_WARN_BOOL_CONVERSION = YES;
				CLANG_WARN_COMMA = YES;
				CLANG_WARN_CONSTANT_CONVERSION = YES;
				CLANG_WARN_DEPRECATED_OBJC_IMPLEMENTATIONS = YES;
				CLANG_WARN_DIRECT_OBJC_ISA_USAGE = YES_ERROR;
				CLANG_WARN_DOCUMENTATION_COMMENTS = YES;
				CLANG_WARN_EMPTY_BODY = YES;
				CLANG_WARN_ENUM_CONVERSION = YES;
				CLANG_WARN_INFINITE_RECURSION = YES;
				CLANG_WARN_INT_CONVERSION = YES;
				CLANG_WARN_NON_LITERAL_NULL_CONVERSION = YES;
				CLANG_WARN_OBJC_IMPLICIT_RETAIN_SELF = YES;
				CLANG_WARN_OBJC_LITERAL_CONVERSION = YES;
				CLANG_WARN_OBJC_ROOT_CLASS = YES_ERROR;
				CLANG_WARN_QUOTED_INCLUDE_IN_FRAMEWORK_HEADER = YES;
				CLANG_WARN_RANGE_LOOP_ANALYSIS = YES;
				CLANG_WARN_STRICT_PROTOTYPES = YES;
				CLANG_WARN_SUSPICIOUS_MOVE = YES;
				CLANG_WARN_UNGUARDED_AVAILABILITY = YES_AGGRESSIVE;
				CLANG_WARN_UNREACHABLE_CODE = YES;
				CLANG_WARN__DUPLICATE_METHOD_MATCH = YES;
				COPY_PHASE_STRIP = NO;
				DEBUG_INFORMATION_FORMAT = dwarf;
				DEVELOPMENT_TEAM = THAR6HQNXA;
				ENABLE_STRICT_OBJC_MSGSEND = YES;
				ENABLE_TESTABILITY = YES;
				ENABLE_USER_SCRIPT_SANDBOXING = YES;
				GCC_C_LANGUAGE_STANDARD = gnu17;
				GCC_DYNAMIC_NO_PIC = NO;
				GCC_NO_COMMON_BLOCKS = YES;
				GCC_OPTIMIZATION_LEVEL = 0;
				GCC_PREPROCESSOR_DEFINITIONS = (
					"DEBUG=1",
					"$(inherited)",
				);
				GCC_WARN_64_TO_32_BIT_CONVERSION = YES;
				GCC_WARN_ABOUT_RETURN_TYPE = YES_ERROR;
				GCC_WARN_UNDECLARED_SELECTOR = YES;
				GCC_WARN_UNINITIALIZED_AUTOS = YES_AGGRESSIVE;
				GCC_WARN_UNUSED_FUNCTION = YES;
				GCC_WARN_UNUSED_VARIABLE = YES;
				IPHONEOS_DEPLOYMENT_TARGET = 18.4;
				LOCALIZATION_PREFERS_STRING_CATALOGS = YES;
				MTL_ENABLE_DEBUG_INFO = INCLUDE_SOURCE;
				MTL_FAST_MATH = YES;
				ONLY_ACTIVE_ARCH = YES;
				SDKROOT = iphoneos;
				SWIFT_ACTIVE_COMPILATION_CONDITIONS = "DEBUG $(inherited)";
				SWIFT_OPTIMIZATION_LEVEL = "-Onone";
			};
			name = Debug;
		};
		18E9387B2DCA556C00937F41 /* Release */ = {
			isa = XCBuildConfiguration;
			buildSettings = {
				ALWAYS_SEARCH_USER_PATHS = NO;
				ASSETCATALOG_COMPILER_GENERATE_SWIFT_ASSET_SYMBOL_EXTENSIONS = YES;
				CLANG_ANALYZER_NONNULL = YES;
				CLANG_ANALYZER_NUMBER_OBJECT_CONVERSION = YES_AGGRESSIVE;
				CLANG_CXX_LANGUAGE_STANDARD = "gnu++20";
				CLANG_ENABLE_MODULES = YES;
				CLANG_ENABLE_OBJC_ARC = YES;
				CLANG_ENABLE_OBJC_WEAK = YES;
				CLANG_WARN_BLOCK_CAPTURE_AUTORELEASING = YES;
				CLANG_WARN_BOOL_CONVERSION = YES;
				CLANG_WARN_COMMA = YES;
				CLANG_WARN_CONSTANT_CONVERSION = YES;
				CLANG_WARN_DEPRECATED_OBJC_IMPLEMENTATIONS = YES;
				CLANG_WARN_DIRECT_OBJC_ISA_USAGE = YES_ERROR;
				CLANG_WARN_DOCUMENTATION_COMMENTS = YES;
				CLANG_WARN_EMPTY_BODY = YES;
				CLANG_WARN_ENUM_CONVERSION = YES;
				CLANG_WARN_INFINITE_RECURSION = YES;
				CLANG_WARN_INT_CONVERSION = YES;
				CLANG_WARN_NON_LITERAL_NULL_CONVERSION = YES;
				CLANG_WARN_OBJC_IMPLICIT_RETAIN_SELF = YES;
				CLANG_WARN_OBJC_LITERAL_CONVERSION = YES;
				CLANG_WARN_OBJC_ROOT_CLASS = YES_ERROR;
				CLANG_WARN_QUOTED_INCLUDE_IN_FRAMEWORK_HEADER = YES;
				CLANG_WARN_RANGE_LOOP_ANALYSIS = YES;
				CLANG_WARN_STRICT_PROTOTYPES = YES;
				CLANG_WARN_SUSPICIOUS_MOVE = YES;
				CLANG_WARN_UNGUARDED_AVAILABILITY = YES_AGGRESSIVE;
				CLANG_WARN_UNREACHABLE_CODE = YES;
				CLANG_WARN__DUPLICATE_METHOD_MATCH = YES;
				COPY_PHASE_STRIP = NO;
				DEBUG_INFORMATION_FORMAT = "dwarf-with-dsym";
				DEVELOPMENT_TEAM = THAR6HQNXA;
				ENABLE_NS_ASSERTIONS = NO;
				ENABLE_STRICT_OBJC_MSGSEND = YES;
				ENABLE_USER_SCRIPT_SANDBOXING = YES;
				GCC_C_LANGUAGE_STANDARD = gnu17;
				GCC_NO_COMMON_BLOCKS = YES;
				GCC_WARN_64_TO_32_BIT_CONVERSION = YES;
				GCC_WARN_ABOUT_RETURN_TYPE = YES_ERROR;
				GCC_WARN_UNDECLARED_SELECTOR = YES;
				GCC_WARN_UNINITIALIZED_AUTOS = YES_AGGRESSIVE;
				GCC_WARN_UNUSED_FUNCTION = YES;
				GCC_WARN_UNUSED_VARIABLE = YES;
				IPHONEOS_DEPLOYMENT_TARGET = 18.4;
				LOCALIZATION_PREFERS_STRING_CATALOGS = YES;
				MTL_ENABLE_DEBUG_INFO = NO;
				MTL_FAST_MATH = YES;
				SDKROOT = iphoneos;
				SWIFT_COMPILATION_MODE = wholemodule;
				VALIDATE_PRODUCT = YES;
			};
			name = Release;
		};
		18E9387D2DCA556C00937F41 /* Debug */ = {
			isa = XCBuildConfiguration;
			buildSettings = {
				ASSETCATALOG_COMPILER_APPICON_NAME = AppIcon;
				ASSETCATALOG_COMPILER_GLOBAL_ACCENT_COLOR_NAME = AccentColor;
				CODE_SIGN_STYLE = Automatic;
				CURRENT_PROJECT_VERSION = 1;
				DEVELOPMENT_TEAM = THAR6HQNXA;
				ENABLE_PREVIEWS = YES;
				GENERATE_INFOPLIST_FILE = YES;
				INFOPLIST_FILE = "Couple-Joy-Info.plist";
				INFOPLIST_KEY_UIApplicationSceneManifest_Generation = YES;
				INFOPLIST_KEY_UIApplicationSupportsIndirectInputEvents = YES;
				INFOPLIST_KEY_UILaunchScreen_Generation = YES;
				INFOPLIST_KEY_UISupportedInterfaceOrientations_iPad = "UIInterfaceOrientationPortrait UIInterfaceOrientationPortraitUpsideDown UIInterfaceOrientationLandscapeLeft UIInterfaceOrientationLandscapeRight";
				INFOPLIST_KEY_UISupportedInterfaceOrientations_iPhone = "UIInterfaceOrientationPortrait UIInterfaceOrientationLandscapeLeft UIInterfaceOrientationLandscapeRight";
				LD_RUNPATH_SEARCH_PATHS = (
					"$(inherited)",
					"@executable_path/Frameworks",
				);
				MARKETING_VERSION = 1.0;
				PRODUCT_BUNDLE_IDENTIFIER = com.chinjan.couplejoy;
				PRODUCT_NAME = "$(TARGET_NAME)";
				SUPPORTED_PLATFORMS = "iphoneos iphonesimulator";
				SUPPORTS_MACCATALYST = NO;
				SUPPORTS_XR_DESIGNED_FOR_IPHONE_IPAD = NO;
				SWIFT_EMIT_LOC_STRINGS = YES;
				SWIFT_VERSION = 5.0;
				TARGETED_DEVICE_FAMILY = "1,2";
			};
			name = Debug;
		};
		18E9387E2DCA556C00937F41 /* Release */ = {
			isa = XCBuildConfiguration;
			buildSettings = {
				ASSETCATALOG_COMPILER_APPICON_NAME = AppIcon;
				ASSETCATALOG_COMPILER_GLOBAL_ACCENT_COLOR_NAME = AccentColor;
				CODE_SIGN_STYLE = Automatic;
				CURRENT_PROJECT_VERSION = 1;
				DEVELOPMENT_TEAM = THAR6HQNXA;
				ENABLE_PREVIEWS = YES;
				GENERATE_INFOPLIST_FILE = YES;
				INFOPLIST_FILE = "Couple-Joy-Info.plist";
				INFOPLIST_KEY_UIApplicationSceneManifest_Generation = YES;
				INFOPLIST_KEY_UIApplicationSupportsIndirectInputEvents = YES;
				INFOPLIST_KEY_UILaunchScreen_Generation = YES;
				INFOPLIST_KEY_UISupportedInterfaceOrientations_iPad = "UIInterfaceOrientationPortrait UIInterfaceOrientationPortraitUpsideDown UIInterfaceOrientationLandscapeLeft UIInterfaceOrientationLandscapeRight";
				INFOPLIST_KEY_UISupportedInterfaceOrientations_iPhone = "UIInterfaceOrientationPortrait UIInterfaceOrientationLandscapeLeft UIInterfaceOrientationLandscapeRight";
				LD_RUNPATH_SEARCH_PATHS = (
					"$(inherited)",
					"@executable_path/Frameworks",
				);
				MARKETING_VERSION = 1.0;
				PRODUCT_BUNDLE_IDENTIFIER = com.chinjan.couplejoy;
				PRODUCT_NAME = "$(TARGET_NAME)";
				SUPPORTED_PLATFORMS = "iphoneos iphonesimulator";
				SUPPORTS_MACCATALYST = NO;
				SUPPORTS_XR_DESIGNED_FOR_IPHONE_IPAD = NO;
				SWIFT_EMIT_LOC_STRINGS = YES;
				SWIFT_VERSION = 5.0;
				TARGETED_DEVICE_FAMILY = "1,2";
			};
			name = Release;
		};
		18E938802DCA556C00937F41 /* Debug */ = {
			isa = XCBuildConfiguration;
			buildSettings = {
				BUNDLE_LOADER = "$(TEST_HOST)";
				CODE_SIGN_STYLE = Automatic;
				CURRENT_PROJECT_VERSION = 1;
				DEVELOPMENT_TEAM = THAR6HQNXA;
				GENERATE_INFOPLIST_FILE = YES;
				IPHONEOS_DEPLOYMENT_TARGET = 18.4;
				MARKETING_VERSION = 1.0;
				PRODUCT_BUNDLE_IDENTIFIER = "com.chinjan.couple-joy.Couple-JoyTests";
				PRODUCT_NAME = "$(TARGET_NAME)";
				SWIFT_EMIT_LOC_STRINGS = NO;
				SWIFT_VERSION = 5.0;
				TARGETED_DEVICE_FAMILY = "1,2";
				TEST_HOST = "$(BUILT_PRODUCTS_DIR)/Couple Joy.app/$(BUNDLE_EXECUTABLE_FOLDER_PATH)/Couple Joy";
			};
			name = Debug;
		};
		18E938812DCA556C00937F41 /* Release */ = {
			isa = XCBuildConfiguration;
			buildSettings = {
				BUNDLE_LOADER = "$(TEST_HOST)";
				CODE_SIGN_STYLE = Automatic;
				CURRENT_PROJECT_VERSION = 1;
				DEVELOPMENT_TEAM = THAR6HQNXA;
				GENERATE_INFOPLIST_FILE = YES;
				IPHONEOS_DEPLOYMENT_TARGET = 18.4;
				MARKETING_VERSION = 1.0;
				PRODUCT_BUNDLE_IDENTIFIER = "com.chinjan.couple-joy.Couple-JoyTests";
				PRODUCT_NAME = "$(TARGET_NAME)";
				SWIFT_EMIT_LOC_STRINGS = NO;
				SWIFT_VERSION = 5.0;
				TARGETED_DEVICE_FAMILY = "1,2";
				TEST_HOST = "$(BUILT_PRODUCTS_DIR)/Couple Joy.app/$(BUNDLE_EXECUTABLE_FOLDER_PATH)/Couple Joy";
			};
			name = Release;
		};
		18E938832DCA556C00937F41 /* Debug */ = {
			isa = XCBuildConfiguration;
			buildSettings = {
				CODE_SIGN_STYLE = Automatic;
				CURRENT_PROJECT_VERSION = 1;
				DEVELOPMENT_TEAM = THAR6HQNXA;
				GENERATE_INFOPLIST_FILE = YES;
				MARKETING_VERSION = 1.0;
				PRODUCT_BUNDLE_IDENTIFIER = "com.chinjan.couple-joy.Couple-JoyUITests";
				PRODUCT_NAME = "$(TARGET_NAME)";
				SWIFT_EMIT_LOC_STRINGS = NO;
				SWIFT_VERSION = 5.0;
				TARGETED_DEVICE_FAMILY = "1,2";
				TEST_TARGET_NAME = "Couple Joy";
			};
			name = Debug;
		};
		18E938842DCA556C00937F41 /* Release */ = {
			isa = XCBuildConfiguration;
			buildSettings = {
				CODE_SIGN_STYLE = Automatic;
				CURRENT_PROJECT_VERSION = 1;
				DEVELOPMENT_TEAM = THAR6HQNXA;
				GENERATE_INFOPLIST_FILE = YES;
				MARKETING_VERSION = 1.0;
				PRODUCT_BUNDLE_IDENTIFIER = "com.chinjan.couple-joy.Couple-JoyUITests";
				PRODUCT_NAME = "$(TARGET_NAME)";
				SWIFT_EMIT_LOC_STRINGS = NO;
				SWIFT_VERSION = 5.0;
				TARGETED_DEVICE_FAMILY = "1,2";
				TEST_TARGET_NAME = "Couple Joy";
			};
			name = Release;
		};
/* End XCBuildConfiguration section */

/* Begin XCConfigurationList section */
		18E938562DCA556B00937F41 /* Build configuration list for PBXProject "Couple Joy" */ = {
			isa = XCConfigurationList;
			buildConfigurations = (
				18E9387A2DCA556C00937F41 /* Debug */,
				18E9387B2DCA556C00937F41 /* Release */,
			);
			defaultConfigurationIsVisible = 0;
			defaultConfigurationName = Release;
		};
		18E9387C2DCA556C00937F41 /* Build configuration list for PBXNativeTarget "Couple Joy" */ = {
			isa = XCConfigurationList;
			buildConfigurations = (
				18E9387D2DCA556C00937F41 /* Debug */,
				18E9387E2DCA556C00937F41 /* Release */,
			);
			defaultConfigurationIsVisible = 0;
			defaultConfigurationName = Release;
		};
		18E9387F2DCA556C00937F41 /* Build configuration list for PBXNativeTarget "Couple JoyTests" */ = {
			isa = XCConfigurationList;
			buildConfigurations = (
				18E938802DCA556C00937F41 /* Debug */,
				18E938812DCA556C00937F41 /* Release */,
			);
			defaultConfigurationIsVisible = 0;
			defaultConfigurationName = Release;
		};
		18E938822DCA556C00937F41 /* Build configuration list for PBXNativeTarget "Couple JoyUITests" */ = {
			isa = XCConfigurationList;
			buildConfigurations = (
				18E938832DCA556C00937F41 /* Debug */,
				18E938842DCA556C00937F41 /* Release */,
			);
			defaultConfigurationIsVisible = 0;
			defaultConfigurationName = Release;
		};
/* End XCConfigurationList section */

/* Begin XCRemoteSwiftPackageReference section */
		18E939032DCA73C000937F41 /* XCRemoteSwiftPackageReference "firebase-ios-sdk" */ = {
			isa = XCRemoteSwiftPackageReference;
			repositoryURL = "https://github.com/firebase/firebase-ios-sdk";
			requirement = {
				kind = upToNextMajorVersion;
				minimumVersion = 11.12.0;
			};
		};
		18E9390C2DCA8CB500937F41 /* XCRemoteSwiftPackageReference "GoogleSignIn-iOS" */ = {
			isa = XCRemoteSwiftPackageReference;
			repositoryURL = "https://github.com/google/GoogleSignIn-iOS";
			requirement = {
				kind = upToNextMajorVersion;
				minimumVersion = 8.0.0;
			};
		};
/* End XCRemoteSwiftPackageReference section */

/* Begin XCSwiftPackageProductDependency section */
		18E939042DCA73C000937F41 /* FirebaseAuth */ = {
			isa = XCSwiftPackageProductDependency;
			package = 18E939032DCA73C000937F41 /* XCRemoteSwiftPackageReference "firebase-ios-sdk" */;
			productName = FirebaseAuth;
		};
		18E939062DCA73C000937F41 /* FirebaseAuthCombine-Community */ = {
			isa = XCSwiftPackageProductDependency;
			package = 18E939032DCA73C000937F41 /* XCRemoteSwiftPackageReference "firebase-ios-sdk" */;
			productName = "FirebaseAuthCombine-Community";
		};
		18E939082DCA73C000937F41 /* FirebaseFirestore */ = {
			isa = XCSwiftPackageProductDependency;
			package = 18E939032DCA73C000937F41 /* XCRemoteSwiftPackageReference "firebase-ios-sdk" */;
			productName = FirebaseFirestore;
		};
		18E9390A2DCA73C000937F41 /* FirebaseFirestoreCombine-Community */ = {
			isa = XCSwiftPackageProductDependency;
			package = 18E939032DCA73C000937F41 /* XCRemoteSwiftPackageReference "firebase-ios-sdk" */;
			productName = "FirebaseFirestoreCombine-Community";
		};
		18E9390D2DCA8CB500937F41 /* GoogleSignIn */ = {
			isa = XCSwiftPackageProductDependency;
			package = 18E9390C2DCA8CB500937F41 /* XCRemoteSwiftPackageReference "GoogleSignIn-iOS" */;
			productName = GoogleSignIn;
		};
		18E9390F2DCA8CB500937F41 /* GoogleSignInSwift */ = {
			isa = XCSwiftPackageProductDependency;
			package = 18E9390C2DCA8CB500937F41 /* XCRemoteSwiftPackageReference "GoogleSignIn-iOS" */;
			productName = GoogleSignInSwift;
		};
/* End XCSwiftPackageProductDependency section */
	};
	rootObject = 18E938532DCA556B00937F41 /* Project object */;
}
